
Microsoft Visual Studio Solution File, Format Version 12.00
# Visual Studio Version 17
VisualStudioVersion = 17.10.35013.160
MinimumVisualStudioVersion = 10.0.40219.1
Project("{FAE04EC0-301F-11D3-BF4B-00C04F79EFBC}") = "dnd", "dnd\dnd.csproj", "{18189753-EA30-44A4-A7A8-2C87595F8A57}"
EndProject
Global
	GlobalSection(SolutionConfigurationPlatforms) = preSolution
		Debug|Any CPU = Debug|Any CPU
		Release|Any CPU = Release|Any CPU
	EndGlobalSection
	GlobalSection(ProjectConfigurationPlatforms) = postSolution
		{18189753-EA30-44A4-A7A8-2C87595F8A57}.Debug|Any CPU.ActiveCfg = Debug|Any CPU
		{18189753-EA30-44A4-A7A8-2C87595F8A57}.Debug|Any CPU.Build.0 = Debug|Any CPU
		{18189753-EA30-44A4-A7A8-2C87595F8A57}.Release|Any CPU.ActiveCfg = Release|Any CPU
		{18189753-EA30-44A4-A7A8-2C87595F8A57}.Release|Any CPU.Build.0 = Release|Any CPU
	EndGlobalSection
	GlobalSection(SolutionProperties) = preSolution
		HideSolutionNode = FALSE
	EndGlobalSection
	GlobalSection(ExtensibilityGlobals) = postSolution
		SolutionGuid = {EB7D1AFA-6B82-4F20-8F0C-29E61296A3D8}
	EndGlobalSection
EndGlobal
